
Microsoft Visual Studio Solution File, Format Version 12.00
# Visual Studio Version 17
VisualStudioVersion = 17.5.002.0
MinimumVisualStudioVersion = 10.0.40219.1
Project("{9A19103F-16F7-4668-BE54-9A1E7A4F7556}") = "REST_API_ANIMALS", "REST_API_ANIMALS.csproj", "{56339C71-1CE8-4798-A34F-92088727176F}"
EndProject
Global
	GlobalSection(SolutionConfigurationPlatforms) = preSolution
		Debug|Any CPU = Debug|Any CPU
		Release|Any CPU = Release|Any CPU
	EndGlobalSection
	GlobalSection(ProjectConfigurationPlatforms) = postSolution
		{56339C71-1CE8-4798-A34F-92088727176F}.Debug|Any CPU.ActiveCfg = Debug|Any CPU
		{56339C71-1CE8-4798-A34F-92088727176F}.Debug|Any CPU.Build.0 = Debug|Any CPU
		{56339C71-1CE8-4798-A34F-92088727176F}.Release|Any CPU.ActiveCfg = Release|Any CPU
		{56339C71-1CE8-4798-A34F-92088727176F}.Release|Any CPU.Build.0 = Release|Any CPU
	EndGlobalSection
	GlobalSection(SolutionProperties) = preSolution
		HideSolutionNode = FALSE
	EndGlobalSection
	GlobalSection(ExtensibilityGlobals) = postSolution
		SolutionGuid = {B8CDEC79-610E-4523-A965-85517277D965}
	EndGlobalSection
EndGlobal
